version = 1
revision = 3
requires-python = ">=3.11"

[[package]]
name = "annotated-doc"
version = "0.0.4"
source = { registry = "https://pypi.org/simple" }
sdist = { url = "https://files.pythonhosted.org/packages/57/ba/046ceea27344560984e26a590f90bc7f4a75b06701f653222458922b558c/annotated_doc-0.0.4.tar.gz", hash = "sha256:fbcda96e87e9c92ad167c2e53839e57503ecfda18804ea28102353485033faa4", size = 7288, upload-time = "2025-11-10T22:07:42.062Z" }
wheels = [
    { url = "https://files.pythonhosted.org/packages/1e/d3/26bf1008eb3d2daa8ef4cacc7f3bfdc11818d111f7e2d0201bc6e3b49d45/annotated_doc-0.0.4-py3-none-any.whl", hash = "sha256:571ac1dc6991c450b25a9c2d84a3705e2ae7a53467b5d111c24fa8baabbed320", size = 5303, upload-time = "2025-11-10T22:07:40.673Z" },
]

[[package]]
name = "click"
version = "8.4.1"
source = { registry = "https://pypi.org/simple" }
dependencies = [
    { name = "colorama", marker = "sys_platform == 'win32'" },
]
sdist = { url = "https://files.pythonhosted.org/packages/9b/98/518d8e5081007684232226f475082b30087d0f585e8457db087298259f49/click-8.4.1.tar.gz", hash = "sha256:918b5633eddf6b41c32d4f454bf0de810065c74e3f7dbf8ee5452f8be88d3e96", size = 353007, upload-time = "2026-05-22T04:08:37.769Z" }
wheels = [
    { url = "https://files.pythonhosted.org/packages/c7/0d/67e5b4109ea4a837e80daa87c2c696711955e40449a97e8926672534def2/click-8.4.1-py3-none-any.whl", hash = "sha256:482be17c6991b8c19c5429a1e995d9b0efdbb63172824c41f99965dc0ade8ec2", size = 116639, upload-time = "2026-05-22T04:08:35.26Z" },
]

[[package]]
name = "colorama"
version = "0.4.6"
source = { registry = "https://pypi.org/simple" }
sdist = { url = "https://files.pythonhosted.org/packages/d8/53/6f443c9a4a8358a93a6792e2acffb9d9d5cb0a5cfd8802644b7b1c9a02e4/colorama-0.4.6.tar.gz", hash = "sha256:08695f5cb7ed6e0531a20572697297273c47b8cae5a63ffc6d6ed5c201be6e44", size = 27697, upload-time = "2022-10-25T02:36:22.414Z" }
wheels = [
    { url = "https://files.pythonhosted.org/packages/d1/d6/3965ed04c63042e047cb6a3e6ed1a63a35087b6a609aa3a15ed8ac56c221/colorama-0.4.6-py2.py3-none-any.whl", hash = "sha256:4f1d9991f5acc0ca119f9d443620b77f9d6b33703e51011c16baf57afb285fc6", size = 25335, upload-time = "2022-10-25T02:36:20.889Z" },
]

[[package]]
name = "iniconfig"
version = "2.3.0"
source = { registry = "https://pypi.org/simple" }
sdist = { url = "https://files.pythonhosted.org/packages/72/34/14ca021ce8e5dfedc35312d08ba8bf51fdd999c576889fc2c24cb97f4f10/iniconfig-2.3.0.tar.gz", hash = "sha256:c76315c77db068650d49c5b56314774a7804df16fee4402c1f19d6d15d8c4730", size = 20503, upload-time = "2025-10-18T21:55:43.219Z" }
wheels = [
    { url = "https://files.pythonhosted.org/packages/cb/b1/3846dd7f199d53cb17f49cba7e651e9ce294d8497c8c150530ed11865bb8/iniconfig-2.3.0-py3-none-any.whl", hash = "sha256:f631c04d2c48c52b84d0d0549c99ff3859c98df65b3101406327ecc7d53fbf12", size = 7484, upload-time = "2025-10-18T21:55:41.639Z" },
]

[[package]]
name = "markdown-it-py"
version = "4.2.0"
source = { registry = "https://pypi.org/simple" }
dependencies = [
    { name = "mdurl" },
]
sdist = { url = "https://files.pythonhosted.org/packages/06/ff/7841249c247aa650a76b9ee4bbaeae59370dc8bfd2f6c01f3630c35eb134/markdown_it_py-4.2.0.tar.gz", hash = "sha256:04a21681d6fbb623de53f6f364d352309d4094dd4194040a10fd51833e418d49", size = 82454, upload-time = "2026-05-07T12:08:28.36Z" }
wheels = [
    { url = "https://files.pythonhosted.org/packages/b3/81/4da04ced5a082363ecfa159c010d200ecbd959ae410c10c0264a38cac0f5/markdown_it_py-4.2.0-py3-none-any.whl", hash = "sha256:9f7ebbcd14fe59494226453aed97c1070d83f8d24b6fc3a3bcf9a38092641c4a", size = 91687, upload-time = "2026-05-07T12:08:27.182Z" },
]

[[package]]
name = "mdurl"
version = "0.1.2"
source = { registry = "https://pypi.org/simple" }
sdist = { url = "https://files.pythonhosted.org/packages/d6/54/cfe61301667036ec958cb99bd3efefba235e65cdeb9c84d24a8293ba1d90/mdurl-0.1.2.tar.gz", hash = "sha256:bb413d29f5eea38f31dd4754dd7377d4465116fb207585f97bf925588687c1ba", size = 8729, upload-time = "2022-08-14T12:40:10.846Z" }
wheels = [
    { url = "https://files.pythonhosted.org/packages/b3/38/89ba8ad64ae25be8de66a6d463314cf1eb366222074cfda9ee839c56a4b4/mdurl-0.1.2-py3-none-any.whl", hash = "sha256:84008a41e51615a49fc9966191ff91509e3c40b939176e643fd50a5c2196b8f8", size = 9979, upload-time = "2022-08-14T12:40:09.779Z" },
]

[[package]]
name = "packaging"
version = "26.2"
source = { registry = "https://pypi.org/simple" }
sdist = { url = "https://files.pythonhosted.org/packages/d7/f1/e7a6dd94a8d4a5626c03e4e99c87f241ba9e350cd9e6d75123f992427270/packaging-26.2.tar.gz", hash = "sha256:ff452ff5a3e828ce110190feff1178bb1f2ea2281fa2075aadb987c2fb221661", size = 228134, upload-time = "2026-04-24T20:15:23.917Z" }
wheels = [
    { url = "https://files.pythonhosted.org/packages/df/b2/87e62e8c3e2f4b32e5fe99e0b86d576da1312593b39f47d8ceef365e95ed/packaging-26.2-py3-none-any.whl", hash = "sha256:5fc45236b9446107ff2415ce77c807cee2862cb6fac22b8a73826d0693b0980e", size = 100195, upload-time = "2026-04-24T20:15:22.081Z" },
]

[[package]]
name = "pluggy"
version = "1.6.0"
source = { registry = "https://pypi.org/simple" }
sdist = { url = "https://files.pythonhosted.org/packages/f9/e2/3e91f31a7d2b083fe6ef3fa267035b518369d9511ffab804f839851d2779/pluggy-1.6.0.tar.gz", hash = "sha256:7dcc130b76258d33b90f61b658791dede3486c3e6bfb003ee5c9bfb396dd22f3", size = 69412, upload-time = "2025-05-15T12:30:07.975Z" }
wheels = [
    { url = "https://files.pythonhosted.org/packages/54/20/4d324d65cc6d9205fabedc306948156824eb9f0ee1633355a8f7ec5c66bf/pluggy-1.6.0-py3-none-any.whl", hash = "sha256:e920276dd6813095e9377c0bc5566d94c932c33b27a3e3945d8389c374dd4746", size = 20538, upload-time = "2025-05-15T12:30:06.134Z" },
]

[[package]]
name = "prompt-toolkit"
version = "3.0.53"
source = { registry = "https://pypi.org/simple" }
dependencies = [
    { name = "wcwidth" },
]
sdist = { url = "https://files.pythonhosted.org/packages/7d/ea/39b988c938f75cb75d7045b5c69f8bfed47ee2152c8837fb403de29d6fb8/prompt_toolkit-3.0.53.tar.gz", hash = "sha256:9ec8a0ad96d5c56148b3f914aa79c1564c3fde5d2e6b876e7bc327e353cf8fa6", size = 435492, upload-time = "2026-07-26T20:56:14.758Z" }
wheels = [
    { url = "https://files.pythonhosted.org/packages/54/6f/84908cad2d6aa5144abcf7b42709fe4fdb459bc640ec7ac5786e7693dabc/prompt_toolkit-3.0.53-py3-none-any.whl", hash = "sha256:01c0891d7f9237d5e339f7d3e42cdae80b7534abb1c7c0e3352efba6231492f2", size = 392288, upload-time = "2026-07-26T20:56:12.512Z" },
]

[[package]]
name = "pygments"
version = "2.20.0"
source = { registry = "https://pypi.org/simple" }
sdist = { url = "https://files.pythonhosted.org/packages/c3/b2/bc9c9196916376152d655522fdcebac55e66de6603a76a02bca1b6414f6c/pygments-2.20.0.tar.gz", hash = "sha256:6757cd03768053ff99f3039c1a36d6c0aa0b263438fcab17520b30a303a82b5f", size = 4955991, upload-time = "2026-03-29T13:29:33.898Z" }
wheels = [
    { url = "https://files.pythonhosted.org/packages/f4/7e/a72dd26f3b0f4f2bf1dd8923c85f7ceb43172af56d63c7383eb62b332364/pygments-2.20.0-py3-none-any.whl", hash = "sha256:81a9e26dd42fd28a23a2d169d86d7ac03b46e2f8b59ed4698fb4785f946d0176", size = 1231151, upload-time = "2026-03-29T13:29:30.038Z" },
]

[[package]]
name = "pymcu-arm"
version = "0.1.0a4"
source = { registry = "https://pypi.org/simple" }
dependencies = [
    { name = "pymcu-arm-toolchain", marker = "(platform_machine == 'arm64' and sys_platform == 'darwin') or (platform_machine == 'aarch64' and sys_platform == 'linux') or (platform_machine == 'x86_64' and sys_platform == 'linux') or (platform_machine == 'AMD64' and sys_platform == 'win32')" },
    { name = "pymcu-sdk" },
]
wheels = [
    { url = "https://files.pythonhosted.org/packages/05/dd/6ccf4d260a030be8e31af7acf9e93a6b7923887e0861029e865d45c99c17/pymcu_arm-0.1.0a4-py3-none-macosx_13_0_x86_64.whl", hash = "sha256:f52f4d9e4368485cb30493a04754ee7f08042dde3beac53df362c03dd7a07e71", size = 2013665, upload-time = "2026-08-02T04:57:46.385Z" },
    { url = "https://files.pythonhosted.org/packages/67/50/bc773b36c6e7cdfbddcbda4b24dabc625fbf650eb0e857f069f890e46b56/pymcu_arm-0.1.0a4-py3-none-macosx_26_0_arm64.whl", hash = "sha256:d23674197fb40e46391a33c5f8e5466f403c4a49bb4f9c921f7d979b41d86d65", size = 1848777, upload-time = "2026-08-02T04:57:47.893Z" },
    { url = "https://files.pythonhosted.org/packages/ad/28/603630ba1c3994799305051fed9db30db92fb3b2a23321722c06b545eafa/pymcu_arm-0.1.0a4-py3-none-manylinux_2_28_aarch64.whl", hash = "sha256:78fc70ebca04d5144a938e5acce7b902ec4b3359d7cbb68ed7a5f6baa640d327", size = 1904912, upload-time = "2026-08-02T04:57:49.635Z" },
    { url = "https://files.pythonhosted.org/packages/8b/14/018f586a58d451454d167539c9d4a7049652f126866df95927c7795b762d/pymcu_arm-0.1.0a4-py3-none-manylinux_2_28_x86_64.whl", hash = "sha256:daf920ada0ad9d2c2c480e41108c048ff17e6d85f4f2fbf5d0489ccdf1b1aa0a", size = 2009182, upload-time = "2026-08-02T04:57:50.871Z" },
    { url = "https://files.pythonhosted.org/packages/6d/0b/dc13ee82da2c0ed80b017d36dd85f00dc6623877bd912b8eb1be4124499b/pymcu_arm-0.1.0a4-py3-none-win_amd64.whl", hash = "sha256:75ea1caf7a403363e7fb5a8aa65d5d6dc37edf05b6741c78b2aceef1f1cb234e", size = 1868966, upload-time = "2026-08-02T04:57:52.251Z" },
    { url = "https://files.pythonhosted.org/packages/68/68/b05a3775180497631581eafbeeebaa1ed0eece9ac21636b9344cd4021b16/pymcu_arm-0.1.0a4-py3-none-win_arm64.whl", hash = "sha256:151d4b41a54d5262f37602724433b32b58ee99a208b1700987cba7e2550d543a", size = 1781536, upload-time = "2026-08-02T04:57:53.489Z" },
]

[[package]]
name = "pymcu-arm-toolchain"
version = "22.1.7"
source = { registry = "https://pypi.org/simple" }
sdist = { url = "https://files.pythonhosted.org/packages/eb/8a/55f9a3a69f7570ac4cbb07e18f77a6e9181de2f5414d7f4f1c19550572a1/pymcu_arm_toolchain-22.1.7.tar.gz", hash = "sha256:f9f2d34a8ffd8bc97fcaa4cd1d28a1e50dc62ba608c2ba02fbfba757b30df109", size = 14799, upload-time = "2026-06-08T02:58:59.706Z" }

[[package]]
name = "pymcu-avr"
version = "0.1.0a4"
source = { registry = "https://pypi.org/simple" }
dependencies = [
    { name = "pymcu-avr-toolchain", marker = "sys_platform == 'darwin' or sys_platform == 'linux' or sys_platform == 'win32'" },
    { name = "pymcu-sdk" },
]
wheels = [
    { url = "https://files.pythonhosted.org/packages/c7/d0/52eb24a531f8fe9c5b6b2858615891004dbd9bfa50ac64f5c0687692085b/pymcu_avr-0.1.0a4-py3-none-macosx_13_0_x86_64.whl", hash = "sha256:959ffe24c7e3eb665609c0f2a2608b4a55723119d6ad11ced00c000e8bb139c7", size = 2880804, upload-time = "2026-08-02T04:57:34.503Z" },
    { url = "https://files.pythonhosted.org/packages/3a/8f/a84873c8c6326c52034b00b88c6f3d5d6309c6b6856148eecca069279086/pymcu_avr-0.1.0a4-py3-none-macosx_26_0_arm64.whl", hash = "sha256:adc7d7a596af7fce9e0df9b5928543111d75986bd95ef68bbdcaf7e6c3b71aef", size = 2639464, upload-time = "2026-08-02T04:57:36.17Z" },
    { url = "https://files.pythonhosted.org/packages/ed/88/ee70d3e935871ca759c283ad7ce2057a8d6b46bef3a90a14d6c24df658fd/pymcu_avr-0.1.0a4-py3-none-manylinux_2_28_aarch64.whl", hash = "sha256:bc4402fecfc1917e36ed7f85aeab8b6a3216230ec90d53e6e603a5a7c6d9b62a", size = 2709993, upload-time = "2026-08-02T04:57:37.702Z" },
    { url = "https://files.pythonhosted.org/packages/db/4c/17a085a5917dbdc8efd69922ab58e5654eaf6c9ff2d4beb55901e6ff1ad6/pymcu_avr-0.1.0a4-py3-none-manylinux_2_28_x86_64.whl", hash = "sha256:b4a3611a106fe59db8795a6dd8924c6ad53694a7deb5e198b9593a775bfae366", size = 2866325, upload-time = "2026-08-02T04:57:38.935Z" },
    { url = "https://files.pythonhosted.org/packages/0b/0c/0878749e94d2590d5e77994181c7d195207a26cf9af0d41c415c0d0bb8c5/pymcu_avr-0.1.0a4-py3-none-win_amd64.whl", hash = "sha256:4458081f993052710801afd77202fdfefca1d2ada56f3f9ee0a040604a8c7e15", size = 2575579, upload-time = "2026-08-02T04:57:40.149Z" },
    { url = "https://files.pythonhosted.org/packages/ee/b8/1224df98b55a0a3a02f51da7c83715380d8c7a74ad2a0aec700a029e4f91/pymcu_avr-0.1.0a4-py3-none-win_arm64.whl", hash = "sha256:841f4d7a53e05045a5b19d2284a27a6a46aced5fa967259f2cd4a54c62024d0a", size = 2461942, upload-time = "2026-08-02T04:57:42.189Z" },
]

[[package]]
name = "pymcu-avr-toolchain"
version = "1!7.3.0.post2"
source = { registry = "https://pypi.org/simple" }
wheels = [
    { url = "https://files.pythonhosted.org/packages/8c/b1/abbc4154365f931b5e0a18de284bb0653f990e6a893974955577792a80ef/pymcu_avr_toolchain-1!7.3.0.post2-py3-none-macosx_14_0_arm64.whl", hash = "sha256:234cd58888cd670ce8c3c3c96e6c48ee930c39fd90e9ebbdf4c7706daf6f3691", size = 57053935, upload-time = "2026-06-08T17:11:45.298Z" },
    { url = "https://files.pythonhosted.org/packages/73/3a/3ca18c97fb3ae85ead63693ea447ab2f7b6cf81592aeb91f82a708486d70/pymcu_avr_toolchain-1!7.3.0.post2-py3-none-manylinux_2_17_aarch64.whl", hash = "sha256:4a816be34d55e34a357e144922d33cd58a90d9b328529eb0a13a47471f4f733c", size = 57271624, upload-time = "2026-06-08T17:11:48.795Z" },
    { url = "https://files.pythonhosted.org/packages/63/24/4d5afb6a194d5d887d2acf195e73e83b4e49d2300801138dab6284ba5e6b/pymcu_avr_toolchain-1!7.3.0.post2-py3-none-manylinux_2_17_x86_64.whl", hash = "sha256:85ada1d3db9e34db16b2073897d20f5113fad2780b90f23b0c6c26ca45d516db", size = 57240849, upload-time = "2026-06-08T17:11:52.406Z" },
    { url = "https://files.pythonhosted.org/packages/66/8e/f11360f2af1b8e9664063306f4f81eb8408b7cef52485b9260964de7e739/pymcu_avr_toolchain-1!7.3.0.post2-py3-none-win_amd64.whl", hash = "sha256:48311df8e849fd95c63ad7ffaa16f056f66c83aeefc6f0798619266d6c4bc432", size = 56138235, upload-time = "2026-06-08T17:11:55.574Z" },
    { url = "https://files.pythonhosted.org/packages/23/79/b3ac9fc7c602933bc66a1787957b4d0c44ee183e107a8457473da3c6a523/pymcu_avr_toolchain-1!7.3.0.post2-py3-none-win_arm64.whl", hash = "sha256:f47d72197cc50b0dd5cb5a1a7449901be9f107477579a3c484a68b92917e1fdc", size = 56138238, upload-time = "2026-06-08T17:12:03.716Z" },
]

[[package]]
name = "pymcu-compiler"
version = "0.1.0a4"
source = { editable = "." }
dependencies = [
    { name = "packaging" },
    { name = "pymcu-sdk" },
    { name = "pymcu-stdlib" },
    { name = "questionary" },
    { name = "rich" },
    { name = "tomlkit" },
    { name = "typer" },
]

[package.optional-dependencies]
all = [
    { name = "pymcu-arm" },
    { name = "pymcu-avr" },
    { name = "pymcu-pic" },
]
arm = [
    { name = "pymcu-arm" },
]
avr = [
    { name = "pymcu-avr" },
]
pic = [
    { name = "pymcu-pic" },
]

[package.dev-dependencies]
dev = [
    { name = "pytest" },
]

[package.metadata]
requires-dist = [
    { name = "packaging", specifier = ">=23.0" },
    { name = "pymcu-arm", marker = "extra == 'all'", specifier = ">=0.1.0a4" },
    { name = "pymcu-arm", marker = "extra == 'arm'", specifier = ">=0.1.0a4" },
    { name = "pymcu-avr", marker = "extra == 'all'", specifier = ">=0.1.0a4" },
    { name = "pymcu-avr", marker = "extra == 'avr'", specifier = ">=0.1.0a4" },
    { name = "pymcu-pic", marker = "extra == 'all'", specifier = ">=0.1.0a3" },
    { name = "pymcu-pic", marker = "extra == 'pic'", specifier = ">=0.1.0a3" },
    { name = "pymcu-sdk", editable = "extensions/pymcu-sdk" },
    { name = "pymcu-stdlib", editable = "lib" },
    { name = "questionary", specifier = ">=2.0" },
    { name = "rich", specifier = ">=13.0.0" },
    { name = "tomlkit", specifier = ">=0.12.0" },
    { name = "typer", specifier = ">=0.12.0" },
]
provides-extras = ["avr", "arm", "pic", "all"]

[package.metadata.requires-dev]
dev = [{ name = "pytest", specifier = ">=8.0" }]

[[package]]
name = "pymcu-pic"
version = "0.1.0a3"
source = { registry = "https://pypi.org/simple" }
dependencies = [
    { name = "pymcu-sdk" },
]
wheels = [
    { url = "https://files.pythonhosted.org/packages/83/7c/20a96c544921f79ef30d39297d7230c7633bf873a5ebb0022f8ace4825b0/pymcu_pic-0.1.0a3-py3-none-macosx_13_0_x86_64.whl", hash = "sha256:e7abbf7b40b6fae85c99385b592fbd908eedbbcc7330222c1b1c1837568f0a54", size = 2472788, upload-time = "2026-07-31T23:54:19.102Z" },
    { url = "https://files.pythonhosted.org/packages/08/a1/f4b2a8ee0fcf79d0ff38e4ebb26a5ad95a50f84d521c669b313761704647/pymcu_pic-0.1.0a3-py3-none-macosx_26_0_arm64.whl", hash = "sha256:a9af7955c93e23eeddda16ecf3bfde07ebcd1ed4b6841647b207308707e2ca92", size = 2266135, upload-time = "2026-07-31T23:54:20.684Z" },
    { url = "https://files.pythonhosted.org/packages/29/70/2a25ed65c24ccc7f328e5727b287d091a59fe99dbebc84c491c1d9f96eb6/pymcu_pic-0.1.0a3-py3-none-manylinux_2_28_aarch64.whl", hash = "sha256:7f506410e88dc6e2115bc6edcbc060241e4ef7c5641e072a1e034a87be6c4843", size = 2332964, upload-time = "2026-07-31T23:54:22.166Z" },
    { url = "https://files.pythonhosted.org/packages/05/d4/3fc06045b69dafca6f74025d1f355eeffe6404916872c843a7aefb6d8c2d/pymcu_pic-0.1.0a3-py3-none-manylinux_2_28_x86_64.whl", hash = "sha256:03454aa3f3c36966e830247c7e6bef8c1a526c35f3a5f028caf529517b41f94b", size = 2463481, upload-time = "2026-07-31T23:54:24.225Z" },
    { url = "https://files.pythonhosted.org/packages/3e/ac/15f2fb4d660ddb7c67f735d52f9c1aaab7ac9c405c28fd0a8892e23528a0/pymcu_pic-0.1.0a3-py3-none-win_amd64.whl", hash = "sha256:72a98770baf0e823de70f25f34801ddfe5e0a08f30de8d9c4124a1e82bd189fb", size = 2307049, upload-time = "2026-07-31T23:54:25.768Z" },
    { url = "https://files.pythonhosted.org/packages/06/87/2daa7ad634e6a77dec883e1972c6fb41e79260ef209598ecad60c4249ce4/pymcu_pic-0.1.0a3-py3-none-win_arm64.whl", hash = "sha256:62fa0a55691c9d4309e2e105c49540dd188ad26af02c63778eaabcbd7633d6cf", size = 2209322, upload-time = "2026-07-31T23:54:27.029Z" },
]

[[package]]
name = "pymcu-sdk"
version = "0.1.0a3"
source = { editable = "extensions/pymcu-sdk" }
dependencies = [
    { name = "rich" },
]

[package.metadata]
requires-dist = [{ name = "rich", specifier = ">=13.0.0" }]

[[package]]
name = "pymcu-stdlib"
version = "0.1.0a4"
source = { editable = "lib" }

[[package]]
name = "pytest"
version = "9.0.3"
source = { registry = "https://pypi.org/simple" }
dependencies = [
    { name = "colorama", marker = "sys_platform == 'win32'" },
    { name = "iniconfig" },
    { name = "packaging" },
    { name = "pluggy" },
    { name = "pygments" },
]
sdist = { url = "https://files.pythonhosted.org/packages/7d/0d/549bd94f1a0a402dc8cf64563a117c0f3765662e2e668477624baeec44d5/pytest-9.0.3.tar.gz", hash = "sha256:b86ada508af81d19edeb213c681b1d48246c1a91d304c6c81a427674c17eb91c", size = 1572165, upload-time = "2026-04-07T17:16:18.027Z" }
wheels = [
    { url = "https://files.pythonhosted.org/packages/d4/24/a372aaf5c9b7208e7112038812994107bc65a84cd00e0354a88c2c77a617/pytest-9.0.3-py3-none-any.whl", hash = "sha256:2c5efc453d45394fdd706ade797c0a81091eccd1d6e4bccfcd476e2b8e0ab5d9", size = 375249, upload-time = "2026-04-07T17:16:16.13Z" },
]

[[package]]
name = "questionary"
version = "2.1.1"
source = { registry = "https://pypi.org/simple" }
dependencies = [
    { name = "prompt-toolkit" },
]
sdist = { url = "https://files.pythonhosted.org/packages/f6/45/eafb0bba0f9988f6a2520f9ca2df2c82ddfa8d67c95d6625452e97b204a5/questionary-2.1.1.tar.gz", hash = "sha256:3d7e980292bb0107abaa79c68dd3eee3c561b83a0f89ae482860b181c8bd412d", size = 25845, upload-time = "2025-08-28T19:00:20.851Z" }
wheels = [
    { url = "https://files.pythonhosted.org/packages/3c/26/1062c7ec1b053db9e499b4d2d5bc231743201b74051c973dadeac80a8f43/questionary-2.1.1-py3-none-any.whl", hash = "sha256:a51af13f345f1cdea62347589fbb6df3b290306ab8930713bfae4d475a7d4a59", size = 36753, upload-time = "2025-08-28T19:00:19.56Z" },
]

[[package]]
name = "rich"
version = "15.0.0"
source = { registry = "https://pypi.org/simple" }
dependencies = [
    { name = "markdown-it-py" },
    { name = "pygments" },
]
sdist = { url = "https://files.pythonhosted.org/packages/c0/8f/0722ca900cc807c13a6a0c696dacf35430f72e0ec571c4275d2371fca3e9/rich-15.0.0.tar.gz", hash = "sha256:edd07a4824c6b40189fb7ac9bc4c52536e9780fbbfbddf6f1e2502c31b068c36", size = 230680, upload-time = "2026-04-12T08:24:00.75Z" }
wheels = [
    { url = "https://files.pythonhosted.org/packages/82/3b/64d4899d73f91ba49a8c18a8ff3f0ea8f1c1d75481760df8c68ef5235bf5/rich-15.0.0-py3-none-any.whl", hash = "sha256:33bd4ef74232fb73fe9279a257718407f169c09b78a87ad3d296f548e27de0bb", size = 310654, upload-time = "2026-04-12T08:24:02.83Z" },
]

[[package]]
name = "shellingham"
version = "1.5.4"
source = { registry = "https://pypi.org/simple" }
sdist = { url = "https://files.pythonhosted.org/packages/58/15/8b3609fd3830ef7b27b655beb4b4e9c62313a4e8da8c676e142cc210d58e/shellingham-1.5.4.tar.gz", hash = "sha256:8dbca0739d487e5bd35ab3ca4b36e11c4078f3a234bfce294b0a0291363404de", size = 10310, upload-time = "2023-10-24T04:13:40.426Z" }
wheels = [
    { url = "https://files.pythonhosted.org/packages/e0/f9/0595336914c5619e5f28a1fb793285925a8cd4b432c9da0a987836c7f822/shellingham-1.5.4-py2.py3-none-any.whl", hash = "sha256:7ecfff8f2fd72616f7481040475a65b2bf8af90a56c89140852d1120324e8686", size = 9755, upload-time = "2023-10-24T04:13:38.866Z" },
]

[[package]]
name = "tomlkit"
version = "0.15.0"
source = { registry = "https://pypi.org/simple" }
sdist = { url = "https://files.pythonhosted.org/packages/51/db/03eaf4331631ef6b27d6e3c9b68c54dc6f0d63d87201fed600cc409307fd/tomlkit-0.15.0.tar.gz", hash = "sha256:7d1a9ecba3086638211b13814ea79c90dd54dd11993564376f3aa92271f5c7a3", size = 161875, upload-time = "2026-05-10T07:38:22.245Z" }
wheels = [
    { url = "https://files.pythonhosted.org/packages/6a/43/8bd850ee71a191bf072e31302c73a66be413fecdd98fdcd111ecbcce13ca/tomlkit-0.15.0-py3-none-any.whl", hash = "sha256:4dbc8f0fc024412b57ced8757ac7461305126a648ff8c2c807fcb8e133a78738", size = 41328, upload-time = "2026-05-10T07:38:23.517Z" },
]

[[package]]
name = "typer"
version = "0.25.1"
source = { registry = "https://pypi.org/simple" }
dependencies = [
    { name = "annotated-doc" },
    { name = "click" },
    { name = "rich" },
    { name = "shellingham" },
]
sdist = { url = "https://files.pythonhosted.org/packages/e4/51/9aed62104cea109b820bbd6c14245af756112017d309da813ef107d42e7e/typer-0.25.1.tar.gz", hash = "sha256:9616eb8853a09ffeabab1698952f33c6f29ffdbceb4eaeecf571880e8d7664cc", size = 122276, upload-time = "2026-04-30T19:32:16.964Z" }
wheels = [
    { url = "https://files.pythonhosted.org/packages/3f/f9/2b3ff4e56e5fa7debfaf9eb135d0da96f3e9a1d5b27222223c7296336e5f/typer-0.25.1-py3-none-any.whl", hash = "sha256:75caa44ed46a03fb2dab8808753ffacdbfea88495e74c85a28c5eefcf5f39c89", size = 58409, upload-time = "2026-04-30T19:32:18.271Z" },
]

[[package]]
name = "wcwidth"
version = "0.8.2"
source = { registry = "https://pypi.org/simple" }
sdist = { url = "https://files.pythonhosted.org/packages/34/74/c6428f875774288bec1396f5bfcbc2d925700a4dad61727fd5f2b12f249d/wcwidth-0.8.2.tar.gz", hash = "sha256:91fbef97204b96a3d4d421609b80340b760cf33e26da123ff243d76b1fda8dda", size = 1466253, upload-time = "2026-06-29T18:11:11.601Z" }
wheels = [
    { url = "https://files.pythonhosted.org/packages/96/42/3e5985a0a7e57de470b320c6d6a1a67c844f6737a587f3d44dd13d1819e7/wcwidth-0.8.2-py3-none-any.whl", hash = "sha256:d63947694a0539a1d51e01eda7caf800c291020e6cdd7e28ad7b14dd33ad4f85", size = 323166, upload-time = "2026-06-29T18:11:09.888Z" },
]
