version = 1
revision = 3
requires-python = ">=3.11"

[[package]]
name = "annotated-doc"
version = "0.0.4"
source = { registry = "https://pypi.org/simple" }
sdist = { url = "https://files.pythonhosted.org/packages/57/ba/046ceea27344560984e26a590f90bc7f4a75b06701f653222458922b558c/annotated_doc-0.0.4.tar.gz", hash = "sha256:fbcda96e87e9c92ad167c2e53839e57503ecfda18804ea28102353485033faa4", size = 7288, upload-time = "2025-11-10T22:07:42.062Z" }
wheels = [
    { url = "https://files.pythonhosted.org/packages/1e/d3/26bf1008eb3d2daa8ef4cacc7f3bfdc11818d111f7e2d0201bc6e3b49d45/annotated_doc-0.0.4-py3-none-any.whl", hash = "sha256:571ac1dc6991c450b25a9c2d84a3705e2ae7a53467b5d111c24fa8baabbed320", size = 5303, upload-time = "2025-11-10T22:07:40.673Z" },
]

[[package]]
name = "click"
version = "8.4.1"
source = { registry = "https://pypi.org/simple" }
dependencies = [
    { name = "colorama", marker = "sys_platform == 'win32'" },
]
sdist = { url = "https://files.pythonhosted.org/packages/9b/98/518d8e5081007684232226f475082b30087d0f585e8457db087298259f49/click-8.4.1.tar.gz", hash = "sha256:918b5633eddf6b41c32d4f454bf0de810065c74e3f7dbf8ee5452f8be88d3e96", size = 353007, upload-time = "2026-05-22T04:08:37.769Z" }
wheels = [
    { url = "https://files.pythonhosted.org/packages/c7/0d/67e5b4109ea4a837e80daa87c2c696711955e40449a97e8926672534def2/click-8.4.1-py3-none-any.whl", hash = "sha256:482be17c6991b8c19c5429a1e995d9b0efdbb63172824c41f99965dc0ade8ec2", size = 116639, upload-time = "2026-05-22T04:08:35.26Z" },
]

[[package]]
name = "colorama"
version = "0.4.6"
source = { registry = "https://pypi.org/simple" }
sdist = { url = "https://files.pythonhosted.org/packages/d8/53/6f443c9a4a8358a93a6792e2acffb9d9d5cb0a5cfd8802644b7b1c9a02e4/colorama-0.4.6.tar.gz", hash = "sha256:08695f5cb7ed6e0531a20572697297273c47b8cae5a63ffc6d6ed5c201be6e44", size = 27697, upload-time = "2022-10-25T02:36:22.414Z" }
wheels = [
    { url = "https://files.pythonhosted.org/packages/d1/d6/3965ed04c63042e047cb6a3e6ed1a63a35087b6a609aa3a15ed8ac56c221/colorama-0.4.6-py2.py3-none-any.whl", hash = "sha256:4f1d9991f5acc0ca119f9d443620b77f9d6b33703e51011c16baf57afb285fc6", size = 25335, upload-time = "2022-10-25T02:36:20.889Z" },
]

[[package]]
name = "iniconfig"
version = "2.3.0"
source = { registry = "https://pypi.org/simple" }
sdist = { url = "https://files.pythonhosted.org/packages/72/34/14ca021ce8e5dfedc35312d08ba8bf51fdd999c576889fc2c24cb97f4f10/iniconfig-2.3.0.tar.gz", hash = "sha256:c76315c77db068650d49c5b56314774a7804df16fee4402c1f19d6d15d8c4730", size = 20503, upload-time = "2025-10-18T21:55:43.219Z" }
wheels = [
    { url = "https://files.pythonhosted.org/packages/cb/b1/3846dd7f199d53cb17f49cba7e651e9ce294d8497c8c150530ed11865bb8/iniconfig-2.3.0-py3-none-any.whl", hash = "sha256:f631c04d2c48c52b84d0d0549c99ff3859c98df65b3101406327ecc7d53fbf12", size = 7484, upload-time = "2025-10-18T21:55:41.639Z" },
]

[[package]]
name = "markdown-it-py"
version = "4.2.0"
source = { registry = "https://pypi.org/simple" }
dependencies = [
    { name = "mdurl" },
]
sdist = { url = "https://files.pythonhosted.org/packages/06/ff/7841249c247aa650a76b9ee4bbaeae59370dc8bfd2f6c01f3630c35eb134/markdown_it_py-4.2.0.tar.gz", hash = "sha256:04a21681d6fbb623de53f6f364d352309d4094dd4194040a10fd51833e418d49", size = 82454, upload-time = "2026-05-07T12:08:28.36Z" }
wheels = [
    { url = "https://files.pythonhosted.org/packages/b3/81/4da04ced5a082363ecfa159c010d200ecbd959ae410c10c0264a38cac0f5/markdown_it_py-4.2.0-py3-none-any.whl", hash = "sha256:9f7ebbcd14fe59494226453aed97c1070d83f8d24b6fc3a3bcf9a38092641c4a", size = 91687, upload-time = "2026-05-07T12:08:27.182Z" },
]

[[package]]
name = "mdurl"
version = "0.1.2"
source = { registry = "https://pypi.org/simple" }
sdist = { url = "https://files.pythonhosted.org/packages/d6/54/cfe61301667036ec958cb99bd3efefba235e65cdeb9c84d24a8293ba1d90/mdurl-0.1.2.tar.gz", hash = "sha256:bb413d29f5eea38f31dd4754dd7377d4465116fb207585f97bf925588687c1ba", size = 8729, upload-time = "2022-08-14T12:40:10.846Z" }
wheels = [
    { url = "https://files.pythonhosted.org/packages/b3/38/89ba8ad64ae25be8de66a6d463314cf1eb366222074cfda9ee839c56a4b4/mdurl-0.1.2-py3-none-any.whl", hash = "sha256:84008a41e51615a49fc9966191ff91509e3c40b939176e643fd50a5c2196b8f8", size = 9979, upload-time = "2022-08-14T12:40:09.779Z" },
]

[[package]]
name = "packaging"
version = "26.2"
source = { registry = "https://pypi.org/simple" }
sdist = { url = "https://files.pythonhosted.org/packages/d7/f1/e7a6dd94a8d4a5626c03e4e99c87f241ba9e350cd9e6d75123f992427270/packaging-26.2.tar.gz", hash = "sha256:ff452ff5a3e828ce110190feff1178bb1f2ea2281fa2075aadb987c2fb221661", size = 228134, upload-time = "2026-04-24T20:15:23.917Z" }
wheels = [
    { url = "https://files.pythonhosted.org/packages/df/b2/87e62e8c3e2f4b32e5fe99e0b86d576da1312593b39f47d8ceef365e95ed/packaging-26.2-py3-none-any.whl", hash = "sha256:5fc45236b9446107ff2415ce77c807cee2862cb6fac22b8a73826d0693b0980e", size = 100195, upload-time = "2026-04-24T20:15:22.081Z" },
]

[[package]]
name = "pluggy"
version = "1.6.0"
source = { registry = "https://pypi.org/simple" }
sdist = { url = "https://files.pythonhosted.org/packages/f9/e2/3e91f31a7d2b083fe6ef3fa267035b518369d9511ffab804f839851d2779/pluggy-1.6.0.tar.gz", hash = "sha256:7dcc130b76258d33b90f61b658791dede3486c3e6bfb003ee5c9bfb396dd22f3", size = 69412, upload-time = "2025-05-15T12:30:07.975Z" }
wheels = [
    { url = "https://files.pythonhosted.org/packages/54/20/4d324d65cc6d9205fabedc306948156824eb9f0ee1633355a8f7ec5c66bf/pluggy-1.6.0-py3-none-any.whl", hash = "sha256:e920276dd6813095e9377c0bc5566d94c932c33b27a3e3945d8389c374dd4746", size = 20538, upload-time = "2025-05-15T12:30:06.134Z" },
]

[[package]]
name = "pygments"
version = "2.20.0"
source = { registry = "https://pypi.org/simple" }
sdist = { url = "https://files.pythonhosted.org/packages/c3/b2/bc9c9196916376152d655522fdcebac55e66de6603a76a02bca1b6414f6c/pygments-2.20.0.tar.gz", hash = "sha256:6757cd03768053ff99f3039c1a36d6c0aa0b263438fcab17520b30a303a82b5f", size = 4955991, upload-time = "2026-03-29T13:29:33.898Z" }
wheels = [
    { url = "https://files.pythonhosted.org/packages/f4/7e/a72dd26f3b0f4f2bf1dd8923c85f7ceb43172af56d63c7383eb62b332364/pygments-2.20.0-py3-none-any.whl", hash = "sha256:81a9e26dd42fd28a23a2d169d86d7ac03b46e2f8b59ed4698fb4785f946d0176", size = 1231151, upload-time = "2026-03-29T13:29:30.038Z" },
]

[[package]]
name = "pymcu-arm"
version = "0.1.0a1.post0"
source = { registry = "https://pypi.org/simple" }
dependencies = [
    { name = "pymcu-arm-toolchain", marker = "(platform_machine == 'arm64' and sys_platform == 'darwin') or (platform_machine == 'aarch64' and sys_platform == 'linux') or (platform_machine == 'x86_64' and sys_platform == 'linux') or (platform_machine == 'AMD64' and sys_platform == 'win32')" },
    { name = "pymcu-sdk" },
]
wheels = [
    { url = "https://files.pythonhosted.org/packages/e3/43/52017d72965a5efabba720186001cf5ae0d446b672ec616ec392f9311116/pymcu_arm-0.1.0a1.post0-py3-none-macosx_13_0_x86_64.whl", hash = "sha256:a85471812c8244ba645dadcb4f04883b00924258d01f55f60d5d4bb6f1ac7430", size = 1948545, upload-time = "2026-06-08T03:57:11.948Z" },
    { url = "https://files.pythonhosted.org/packages/95/82/17dbb491103fb11b9a9071320e89d7af56ee6247e7f7ec67e5c2d806ff48/pymcu_arm-0.1.0a1.post0-py3-none-macosx_15_0_arm64.whl", hash = "sha256:b7d59a0d798e9b44f1bfa7adcde3a90b9a6e216dcd9c9d643c5e4abff574717b", size = 1785566, upload-time = "2026-06-08T03:57:13.434Z" },
    { url = "https://files.pythonhosted.org/packages/65/35/41a60cbd01767465ed4622bf0299b0de8008f9b7ffc6ec49946408f2246c/pymcu_arm-0.1.0a1.post0-py3-none-manylinux_2_28_aarch64.whl", hash = "sha256:dec67cb47b5f76d4b5a3a4e50b6c8d54d92b5356d190a70c5f97cc0026053484", size = 1838664, upload-time = "2026-06-08T03:57:15.134Z" },
    { url = "https://files.pythonhosted.org/packages/c6/79/60b416c696a5166e5a60ab5aa37213b0ac2218ab483929e71674754f5e8f/pymcu_arm-0.1.0a1.post0-py3-none-manylinux_2_28_x86_64.whl", hash = "sha256:df8bde7b0ff7e2c31b3ab35d63fb16b12be392556f8f16b546fd9544e50d8fd9", size = 1938054, upload-time = "2026-06-08T03:57:16.512Z" },
    { url = "https://files.pythonhosted.org/packages/43/24/3297fb31070d5de18acc774477a0b56bb61adf7a762de4a272b9d14c61f9/pymcu_arm-0.1.0a1.post0-py3-none-win_amd64.whl", hash = "sha256:675f172db0110651aba1fde533254744d5ddcd2e4f122fd607ba807cdc336111", size = 1808630, upload-time = "2026-06-08T03:57:19.059Z" },
]

[[package]]
name = "pymcu-arm-toolchain"
version = "22.1.7"
source = { registry = "https://pypi.org/simple" }
sdist = { url = "https://files.pythonhosted.org/packages/eb/8a/55f9a3a69f7570ac4cbb07e18f77a6e9181de2f5414d7f4f1c19550572a1/pymcu_arm_toolchain-22.1.7.tar.gz", hash = "sha256:f9f2d34a8ffd8bc97fcaa4cd1d28a1e50dc62ba608c2ba02fbfba757b30df109", size = 14799, upload-time = "2026-06-08T02:58:59.706Z" }

[[package]]
name = "pymcu-avr"
version = "0.1.0a1"
source = { registry = "https://pypi.org/simple" }
dependencies = [
    { name = "pymcu-avr-toolchain", marker = "(platform_machine == 'arm64' and sys_platform == 'darwin') or (platform_machine == 'x86_64' and sys_platform == 'linux') or (platform_machine == 'AMD64' and sys_platform == 'win32')" },
    { name = "pymcu-sdk" },
]
wheels = [
    { url = "https://files.pythonhosted.org/packages/d5/12/933492df04f29058550bf998fd3fc636d854d804a5837dbb56512c7fd682/pymcu_avr-0.1.0a1-py3-none-macosx_13_0_x86_64.whl", hash = "sha256:5f5fbf85936c67c3bb70074f7f1883c0fb9234ca2563c1fe74d2f3b1347511c2", size = 2790908, upload-time = "2026-06-07T22:24:23.46Z" },
    { url = "https://files.pythonhosted.org/packages/c5/f3/d2fa8fbd23b36379aa60a1a3e1b07c1d2d617acf2981349689327499dd1a/pymcu_avr-0.1.0a1-py3-none-macosx_15_0_arm64.whl", hash = "sha256:44ebbc6393fe41933ee866769026883f9ae836bb92ff821d6c6d45bc8a7b813e", size = 2556243, upload-time = "2026-06-07T22:24:18.889Z" },
    { url = "https://files.pythonhosted.org/packages/2e/b2/a29e8e4c8162eda30aa0c41721b2f063d20a4757ac11ad0a9c269d37ff2b/pymcu_avr-0.1.0a1-py3-none-manylinux_2_28_aarch64.whl", hash = "sha256:e62830cad304f06eca93082064d6f48c656c81a0d68efcb32b5aa4d5fec84366", size = 2622577, upload-time = "2026-06-07T22:24:20.657Z" },
    { url = "https://files.pythonhosted.org/packages/36/25/c4697bbbf10d90ecb54ec778d6da4d04ec988634cfa71c750755de3dfd98/pymcu_avr-0.1.0a1-py3-none-manylinux_2_28_x86_64.whl", hash = "sha256:2cf3f1cef69b8cefc897ea02da94786768745f99cf1b17b92eab056ee4717c4a", size = 2781115, upload-time = "2026-06-07T22:24:21.964Z" },
    { url = "https://files.pythonhosted.org/packages/c0/25/b0de96c22d297f97f43f97ed41107d275d921ce2731d39e2552155b53388/pymcu_avr-0.1.0a1-py3-none-win_amd64.whl", hash = "sha256:131c3000418d9908f6250f26f26d6ab426e1ccf5db2b1f6bb6ede32b61f73c3f", size = 2490229, upload-time = "2026-06-07T22:24:17.469Z" },
]

[[package]]
name = "pymcu-avr-toolchain"
version = "15.2.0.post16"
source = { registry = "https://pypi.org/simple" }
sdist = { url = "https://files.pythonhosted.org/packages/d3/0f/58727bb469d9dd447bce2d570bb92ea68dc8d5cd9ebd1308c0b72ed7051f/pymcu_avr_toolchain-15.2.0.post16.tar.gz", hash = "sha256:556d311587a87749d5105b006f66d393a45da37d58315ebe467e456b4959ac42", size = 15148, upload-time = "2026-06-07T20:45:21.716Z" }

[[package]]
name = "pymcu-compiler"
version = "0.1.0a1.post0"
source = { editable = "." }
dependencies = [
    { name = "pymcu-sdk" },
    { name = "pymcu-stdlib" },
    { name = "rich" },
    { name = "tomlkit" },
    { name = "typer" },
]

[package.optional-dependencies]
all = [
    { name = "pymcu-arm" },
    { name = "pymcu-avr" },
]
arm = [
    { name = "pymcu-arm" },
]
avr = [
    { name = "pymcu-avr" },
]
pic = [
    { name = "pymcu-toolchain-pic" },
]

[package.dev-dependencies]
dev = [
    { name = "pytest" },
]

[package.metadata]
requires-dist = [
    { name = "pymcu-arm", marker = "extra == 'all'", specifier = ">=0.1.0a1.post0" },
    { name = "pymcu-arm", marker = "extra == 'arm'", specifier = ">=0.1.0a1.post0" },
    { name = "pymcu-avr", marker = "extra == 'all'", specifier = ">=0.1.0a1" },
    { name = "pymcu-avr", marker = "extra == 'avr'", specifier = ">=0.1.0a1" },
    { name = "pymcu-sdk", editable = "extensions/pymcu-sdk" },
    { name = "pymcu-stdlib", editable = "lib" },
    { name = "pymcu-toolchain-pic", marker = "extra == 'pic'", editable = "extensions/pymcu-toolchain-pic" },
    { name = "rich", specifier = ">=13.0.0" },
    { name = "tomlkit", specifier = ">=0.12.0" },
    { name = "typer", specifier = ">=0.12.0" },
]
provides-extras = ["avr", "arm", "pic", "all"]

[package.metadata.requires-dev]
dev = [{ name = "pytest", specifier = ">=8.0" }]

[[package]]
name = "pymcu-sdk"
version = "0.1.0a1.post0"
source = { editable = "extensions/pymcu-sdk" }
dependencies = [
    { name = "rich" },
]

[package.metadata]
requires-dist = [{ name = "rich", specifier = ">=13.0.0" }]

[[package]]
name = "pymcu-stdlib"
version = "0.1.0a1.post0"
source = { editable = "lib" }

[[package]]
name = "pymcu-toolchain-pic"
version = "0.1.0a1"
source = { editable = "extensions/pymcu-toolchain-pic" }
dependencies = [
    { name = "pymcu-sdk" },
]

[package.metadata]
requires-dist = [{ name = "pymcu-sdk", specifier = ">=0.1.0a1" }]

[[package]]
name = "pytest"
version = "9.0.3"
source = { registry = "https://pypi.org/simple" }
dependencies = [
    { name = "colorama", marker = "sys_platform == 'win32'" },
    { name = "iniconfig" },
    { name = "packaging" },
    { name = "pluggy" },
    { name = "pygments" },
]
sdist = { url = "https://files.pythonhosted.org/packages/7d/0d/549bd94f1a0a402dc8cf64563a117c0f3765662e2e668477624baeec44d5/pytest-9.0.3.tar.gz", hash = "sha256:b86ada508af81d19edeb213c681b1d48246c1a91d304c6c81a427674c17eb91c", size = 1572165, upload-time = "2026-04-07T17:16:18.027Z" }
wheels = [
    { url = "https://files.pythonhosted.org/packages/d4/24/a372aaf5c9b7208e7112038812994107bc65a84cd00e0354a88c2c77a617/pytest-9.0.3-py3-none-any.whl", hash = "sha256:2c5efc453d45394fdd706ade797c0a81091eccd1d6e4bccfcd476e2b8e0ab5d9", size = 375249, upload-time = "2026-04-07T17:16:16.13Z" },
]

[[package]]
name = "rich"
version = "15.0.0"
source = { registry = "https://pypi.org/simple" }
dependencies = [
    { name = "markdown-it-py" },
    { name = "pygments" },
]
sdist = { url = "https://files.pythonhosted.org/packages/c0/8f/0722ca900cc807c13a6a0c696dacf35430f72e0ec571c4275d2371fca3e9/rich-15.0.0.tar.gz", hash = "sha256:edd07a4824c6b40189fb7ac9bc4c52536e9780fbbfbddf6f1e2502c31b068c36", size = 230680, upload-time = "2026-04-12T08:24:00.75Z" }
wheels = [
    { url = "https://files.pythonhosted.org/packages/82/3b/64d4899d73f91ba49a8c18a8ff3f0ea8f1c1d75481760df8c68ef5235bf5/rich-15.0.0-py3-none-any.whl", hash = "sha256:33bd4ef74232fb73fe9279a257718407f169c09b78a87ad3d296f548e27de0bb", size = 310654, upload-time = "2026-04-12T08:24:02.83Z" },
]

[[package]]
name = "shellingham"
version = "1.5.4"
source = { registry = "https://pypi.org/simple" }
sdist = { url = "https://files.pythonhosted.org/packages/58/15/8b3609fd3830ef7b27b655beb4b4e9c62313a4e8da8c676e142cc210d58e/shellingham-1.5.4.tar.gz", hash = "sha256:8dbca0739d487e5bd35ab3ca4b36e11c4078f3a234bfce294b0a0291363404de", size = 10310, upload-time = "2023-10-24T04:13:40.426Z" }
wheels = [
    { url = "https://files.pythonhosted.org/packages/e0/f9/0595336914c5619e5f28a1fb793285925a8cd4b432c9da0a987836c7f822/shellingham-1.5.4-py2.py3-none-any.whl", hash = "sha256:7ecfff8f2fd72616f7481040475a65b2bf8af90a56c89140852d1120324e8686", size = 9755, upload-time = "2023-10-24T04:13:38.866Z" },
]

[[package]]
name = "tomlkit"
version = "0.15.0"
source = { registry = "https://pypi.org/simple" }
sdist = { url = "https://files.pythonhosted.org/packages/51/db/03eaf4331631ef6b27d6e3c9b68c54dc6f0d63d87201fed600cc409307fd/tomlkit-0.15.0.tar.gz", hash = "sha256:7d1a9ecba3086638211b13814ea79c90dd54dd11993564376f3aa92271f5c7a3", size = 161875, upload-time = "2026-05-10T07:38:22.245Z" }
wheels = [
    { url = "https://files.pythonhosted.org/packages/6a/43/8bd850ee71a191bf072e31302c73a66be413fecdd98fdcd111ecbcce13ca/tomlkit-0.15.0-py3-none-any.whl", hash = "sha256:4dbc8f0fc024412b57ced8757ac7461305126a648ff8c2c807fcb8e133a78738", size = 41328, upload-time = "2026-05-10T07:38:23.517Z" },
]

[[package]]
name = "typer"
version = "0.25.1"
source = { registry = "https://pypi.org/simple" }
dependencies = [
    { name = "annotated-doc" },
    { name = "click" },
    { name = "rich" },
    { name = "shellingham" },
]
sdist = { url = "https://files.pythonhosted.org/packages/e4/51/9aed62104cea109b820bbd6c14245af756112017d309da813ef107d42e7e/typer-0.25.1.tar.gz", hash = "sha256:9616eb8853a09ffeabab1698952f33c6f29ffdbceb4eaeecf571880e8d7664cc", size = 122276, upload-time = "2026-04-30T19:32:16.964Z" }
wheels = [
    { url = "https://files.pythonhosted.org/packages/3f/f9/2b3ff4e56e5fa7debfaf9eb135d0da96f3e9a1d5b27222223c7296336e5f/typer-0.25.1-py3-none-any.whl", hash = "sha256:75caa44ed46a03fb2dab8808753ffacdbfea88495e74c85a28c5eefcf5f39c89", size = 58409, upload-time = "2026-04-30T19:32:18.271Z" },
]
