
Microsoft Visual Studio Solution File, Format Version 12.00
Project("{FAE04EC0-301F-11D3-BF4B-00C04F79EFBC}") = "Whipsnake.IntegrationTests", "Whipsnake.IntegrationTests.csproj", "{CEE10B5C-4163-4332-B0DF-EE54947C57A5}"
EndProject
Global
	GlobalSection(SolutionConfigurationPlatforms) = preSolution
		Debug|Any CPU = Debug|Any CPU
		Release|Any CPU = Release|Any CPU
	EndGlobalSection
	GlobalSection(ProjectConfigurationPlatforms) = postSolution
		{CEE10B5C-4163-4332-B0DF-EE54947C57A5}.Debug|Any CPU.ActiveCfg = Debug|Any CPU
		{CEE10B5C-4163-4332-B0DF-EE54947C57A5}.Debug|Any CPU.Build.0 = Debug|Any CPU
		{CEE10B5C-4163-4332-B0DF-EE54947C57A5}.Release|Any CPU.ActiveCfg = Release|Any CPU
		{CEE10B5C-4163-4332-B0DF-EE54947C57A5}.Release|Any CPU.Build.0 = Release|Any CPU
	EndGlobalSection
EndGlobal
